
Microsoft Visual Studio Solution File, Format Version 12.00
# Visual Studio Version 17
VisualStudioVersion = 17.11.35222.181
MinimumVisualStudioVersion = 10.0.40219.1
Project("{FAE04EC0-301F-11D3-BF4B-00C04F79EFBC}") = "ProgTask1", "ProgTask1\ProgTask1.csproj", "{0953DECB-03D2-4B9E-BB28-AFFA383885CB}"
EndProject
Global
	GlobalSection(SolutionConfigurationPlatforms) = preSolution
		Debug|Any CPU = Debug|Any CPU
		Release|Any CPU = Release|Any CPU
	EndGlobalSection
	GlobalSection(ProjectConfigurationPlatforms) = postSolution
		{0953DECB-03D2-4B9E-BB28-AFFA383885CB}.Debug|Any CPU.ActiveCfg = Debug|Any CPU
		{0953DECB-03D2-4B9E-BB28-AFFA383885CB}.Debug|Any CPU.Build.0 = Debug|Any CPU
		{0953DECB-03D2-4B9E-BB28-AFFA383885CB}.Release|Any CPU.ActiveCfg = Release|Any CPU
		{0953DECB-03D2-4B9E-BB28-AFFA383885CB}.Release|Any CPU.Build.0 = Release|Any CPU
	EndGlobalSection
	GlobalSection(SolutionProperties) = preSolution
		HideSolutionNode = FALSE
	EndGlobalSection
	GlobalSection(ExtensibilityGlobals) = postSolution
		SolutionGuid = {D8B4A321-A817-42D4-BDCE-F13C2089EF1A}
	EndGlobalSection
EndGlobal
