
Microsoft Visual Studio Solution File, Format Version 12.00
# Visual Studio Version 17
VisualStudioVersion = 17.13.35828.75 d17.13
MinimumVisualStudioVersion = 10.0.40219.1
Project("{FAE04EC0-301F-11D3-BF4B-00C04F79EFBC}") = "WindowsFormsApp8", "WindowsFormsApp8\WindowsFormsApp8.csproj", "{CA975C49-6D3F-4B76-9917-4A0A5EF39FE9}"
EndProject
Global
	GlobalSection(SolutionConfigurationPlatforms) = preSolution
		Debug|Any CPU = Debug|Any CPU
		Release|Any CPU = Release|Any CPU
	EndGlobalSection
	GlobalSection(ProjectConfigurationPlatforms) = postSolution
		{CA975C49-6D3F-4B76-9917-4A0A5EF39FE9}.Debug|Any CPU.ActiveCfg = Debug|Any CPU
		{CA975C49-6D3F-4B76-9917-4A0A5EF39FE9}.Debug|Any CPU.Build.0 = Debug|Any CPU
		{CA975C49-6D3F-4B76-9917-4A0A5EF39FE9}.Release|Any CPU.ActiveCfg = Release|Any CPU
		{CA975C49-6D3F-4B76-9917-4A0A5EF39FE9}.Release|Any CPU.Build.0 = Release|Any CPU
	EndGlobalSection
	GlobalSection(SolutionProperties) = preSolution
		HideSolutionNode = FALSE
	EndGlobalSection
	GlobalSection(ExtensibilityGlobals) = postSolution
		SolutionGuid = {445FC4DF-5533-4879-8BAB-3996D1EB510A}
	EndGlobalSection
EndGlobal
