
Microsoft Visual Studio Solution File, Format Version 12.00
# Visual Studio Version 17
VisualStudioVersion = 17.13.35913.81 d17.13
MinimumVisualStudioVersion = 10.0.40219.1
Project("{FAE04EC0-301F-11D3-BF4B-00C04F79EFBC}") = "WindowsFormsApp5", "WindowsFormsApp5\WindowsFormsApp5.csproj", "{10D423B7-4A60-408F-A883-0D0EDF338EC6}"
EndProject
Global
	GlobalSection(SolutionConfigurationPlatforms) = preSolution
		Debug|Any CPU = Debug|Any CPU
		Release|Any CPU = Release|Any CPU
	EndGlobalSection
	GlobalSection(ProjectConfigurationPlatforms) = postSolution
		{10D423B7-4A60-408F-A883-0D0EDF338EC6}.Debug|Any CPU.ActiveCfg = Debug|Any CPU
		{10D423B7-4A60-408F-A883-0D0EDF338EC6}.Debug|Any CPU.Build.0 = Debug|Any CPU
		{10D423B7-4A60-408F-A883-0D0EDF338EC6}.Release|Any CPU.ActiveCfg = Release|Any CPU
		{10D423B7-4A60-408F-A883-0D0EDF338EC6}.Release|Any CPU.Build.0 = Release|Any CPU
	EndGlobalSection
	GlobalSection(SolutionProperties) = preSolution
		HideSolutionNode = FALSE
	EndGlobalSection
	GlobalSection(ExtensibilityGlobals) = postSolution
		SolutionGuid = {CDE39BB8-3D67-4F40-BA2C-92BE93E62B77}
	EndGlobalSection
EndGlobal
